
Microsoft Visual Studio Solution File, Format Version 12.00
# Visual Studio 15
VisualStudioVersion = 15.0.27428.2037
MinimumVisualStudioVersion = 10.0.40219.1
Project("{FAE04EC0-301F-11D3-BF4B-00C04F79EFBC}") = "IntuneSDKSample.Android", "IntuneSDKSample\IntuneSDKSample.Android\IntuneSDKSample.Android.csproj", "{D235D41F-0D9F-48AC-B5E4-CE7BACACDA45}"
EndProject
Project("{FAE04EC0-301F-11D3-BF4B-00C04F79EFBC}") = "IntuneSDKSample.iOS", "IntuneSDKSample\IntuneSDKSample.iOS\IntuneSDKSample.iOS.csproj", "{CDDC24C7-62F7-4B43-A30D-6900F3BD21EC}"
EndProject
Project("{FAE04EC0-301F-11D3-BF4B-00C04F79EFBC}") = "IntuneSDKSample", "IntuneSDKSample\IntuneSDKSample\IntuneSDKSample.csproj", "{E978A459-BFEA-4DC1-A8F4-0485AD1A82CF}"
EndProject
Global
	GlobalSection(SolutionConfigurationPlatforms) = preSolution
		Ad-Hoc|Any CPU = Ad-Hoc|Any CPU
		Ad-Hoc|iPhone = Ad-Hoc|iPhone
		Ad-Hoc|iPhoneSimulator = Ad-Hoc|iPhoneSimulator
		AppStore|Any CPU = AppStore|Any CPU
		AppStore|iPhone = AppStore|iPhone
		AppStore|iPhoneSimulator = AppStore|iPhoneSimulator
		Debug|Any CPU = Debug|Any CPU
		Debug|iPhone = Debug|iPhone
		Debug|iPhoneSimulator = Debug|iPhoneSimulator
		Release|Any CPU = Release|Any CPU
		Release|iPhone = Release|iPhone
		Release|iPhoneSimulator = Release|iPhoneSimulator
	EndGlobalSection
	GlobalSection(ProjectConfigurationPlatforms) = postSolution
		{D235D41F-0D9F-48AC-B5E4-CE7BACACDA45}.Ad-Hoc|Any CPU.ActiveCfg = Release|Any CPU
		{D235D41F-0D9F-48AC-B5E4-CE7BACACDA45}.Ad-Hoc|Any CPU.Build.0 = Release|Any CPU
		{D235D41F-0D9F-48AC-B5E4-CE7BACACDA45}.Ad-Hoc|Any CPU.Deploy.0 = Release|Any CPU
		{D235D41F-0D9F-48AC-B5E4-CE7BACACDA45}.Ad-Hoc|iPhone.ActiveCfg = Release|Any CPU
		{D235D41F-0D9F-48AC-B5E4-CE7BACACDA45}.Ad-Hoc|iPhone.Build.0 = Release|Any CPU
		{D235D41F-0D9F-48AC-B5E4-CE7BACACDA45}.Ad-Hoc|iPhone.Deploy.0 = Release|Any CPU
		{D235D41F-0D9F-48AC-B5E4-CE7BACACDA45}.Ad-Hoc|iPhoneSimulator.ActiveCfg = Release|Any CPU
		{D235D41F-0D9F-48AC-B5E4-CE7BACACDA45}.Ad-Hoc|iPhoneSimulator.Build.0 = Release|Any CPU
		{D235D41F-0D9F-48AC-B5E4-CE7BACACDA45}.Ad-Hoc|iPhoneSimulator.Deploy.0 = Release|Any CPU
		{D235D41F-0D9F-48AC-B5E4-CE7BACACDA45}.AppStore|Any CPU.ActiveCfg = Release|Any CPU
		{D235D41F-0D9F-48AC-B5E4-CE7BACACDA45}.AppStore|Any CPU.Build.0 = Release|Any CPU
		{D235D41F-0D9F-48AC-B5E4-CE7BACACDA45}.AppStore|Any CPU.Deploy.0 = Release|Any CPU
		{D235D41F-0D9F-48AC-B5E4-CE7BACACDA45}.AppStore|iPhone.ActiveCfg = Release|Any CPU
		{D235D41F-0D9F-48AC-B5E4-CE7BACACDA45}.AppStore|iPhone.Build.0 = Release|Any CPU
		{D235D41F-0D9F-48AC-B5E4-CE7BACACDA45}.AppStore|iPhone.Deploy.0 = Release|Any CPU
		{D235D41F-0D9F-48AC-B5E4-CE7BACACDA45}.AppStore|iPhoneSimulator.ActiveCfg = Release|Any CPU
		{D235D41F-0D9F-48AC-B5E4-CE7BACACDA45}.AppStore|iPhoneSimulator.Build.0 = Release|Any CPU
		{D235D41F-0D9F-48AC-B5E4-CE7BACACDA45}.AppStore|iPhoneSimulator.Deploy.0 = Release|Any CPU
		{D235D41F-0D9F-48AC-B5E4-CE7BACACDA45}.Debug|Any CPU.ActiveCfg = Debug|Any CPU
		{D235D41F-0D9F-48AC-B5E4-CE7BACACDA45}.Debug|Any CPU.Build.0 = Debug|Any CPU
		{D235D41F-0D9F-48AC-B5E4-CE7BACACDA45}.Debug|Any CPU.Deploy.0 = Debug|Any CPU
		{D235D41F-0D9F-48AC-B5E4-CE7BACACDA45}.Debug|iPhone.ActiveCfg = Debug|Any CPU
		{D235D41F-0D9F-48AC-B5E4-CE7BACACDA45}.Debug|iPhone.Build.0 = Debug|Any CPU
		{D235D41F-0D9F-48AC-B5E4-CE7BACACDA45}.Debug|iPhone.Deploy.0 = Debug|Any CPU
		{D235D41F-0D9F-48AC-B5E4-CE7BACACDA45}.Debug|iPhoneSimulator.ActiveCfg = Debug|Any CPU
		{D235D41F-0D9F-48AC-B5E4-CE7BACACDA45}.Debug|iPhoneSimulator.Build.0 = Debug|Any CPU
		{D235D41F-0D9F-48AC-B5E4-CE7BACACDA45}.Debug|iPhoneSimulator.Deploy.0 = Debug|Any CPU
		{D235D41F-0D9F-48AC-B5E4-CE7BACACDA45}.Release|Any CPU.ActiveCfg = Release|Any CPU
		{D235D41F-0D9F-48AC-B5E4-CE7BACACDA45}.Release|Any CPU.Build.0 = Release|Any CPU
		{D235D41F-0D9F-48AC-B5E4-CE7BACACDA45}.Release|Any CPU.Deploy.0 = Release|Any CPU
		{D235D41F-0D9F-48AC-B5E4-CE7BACACDA45}.Release|iPhone.ActiveCfg = Release|Any CPU
		{D235D41F-0D9F-48AC-B5E4-CE7BACACDA45}.Release|iPhone.Build.0 = Release|Any CPU
		{D235D41F-0D9F-48AC-B5E4-CE7BACACDA45}.Release|iPhone.Deploy.0 = Release|Any CPU
		{D235D41F-0D9F-48AC-B5E4-CE7BACACDA45}.Release|iPhoneSimulator.ActiveCfg = Release|Any CPU
		{D235D41F-0D9F-48AC-B5E4-CE7BACACDA45}.Release|iPhoneSimulator.Build.0 = Release|Any CPU
		{D235D41F-0D9F-48AC-B5E4-CE7BACACDA45}.Release|iPhoneSimulator.Deploy.0 = Release|Any CPU
		{CDDC24C7-62F7-4B43-A30D-6900F3BD21EC}.Ad-Hoc|Any CPU.ActiveCfg = Ad-Hoc|iPhone
		{CDDC24C7-62F7-4B43-A30D-6900F3BD21EC}.Ad-Hoc|iPhone.ActiveCfg = Ad-Hoc|iPhone
		{CDDC24C7-62F7-4B43-A30D-6900F3BD21EC}.Ad-Hoc|iPhone.Build.0 = Ad-Hoc|iPhone
		{CDDC24C7-62F7-4B43-A30D-6900F3BD21EC}.Ad-Hoc|iPhoneSimulator.ActiveCfg = Ad-Hoc|iPhoneSimulator
		{CDDC24C7-62F7-4B43-A30D-6900F3BD21EC}.Ad-Hoc|iPhoneSimulator.Build.0 = Ad-Hoc|iPhoneSimulator
		{CDDC24C7-62F7-4B43-A30D-6900F3BD21EC}.AppStore|Any CPU.ActiveCfg = AppStore|iPhone
		{CDDC24C7-62F7-4B43-A30D-6900F3BD21EC}.AppStore|iPhone.ActiveCfg = AppStore|iPhone
		{CDDC24C7-62F7-4B43-A30D-6900F3BD21EC}.AppStore|iPhone.Build.0 = AppStore|iPhone
		{CDDC24C7-62F7-4B43-A30D-6900F3BD21EC}.AppStore|iPhoneSimulator.ActiveCfg = AppStore|iPhoneSimulator
		{CDDC24C7-62F7-4B43-A30D-6900F3BD21EC}.AppStore|iPhoneSimulator.Build.0 = AppStore|iPhoneSimulator
		{CDDC24C7-62F7-4B43-A30D-6900F3BD21EC}.Debug|Any CPU.ActiveCfg = Debug|iPhone
		{CDDC24C7-62F7-4B43-A30D-6900F3BD21EC}.Debug|iPhone.ActiveCfg = Debug|iPhone
		{CDDC24C7-62F7-4B43-A30D-6900F3BD21EC}.Debug|iPhone.Build.0 = Debug|iPhone
		{CDDC24C7-62F7-4B43-A30D-6900F3BD21EC}.Debug|iPhoneSimulator.ActiveCfg = Debug|iPhoneSimulator
		{CDDC24C7-62F7-4B43-A30D-6900F3BD21EC}.Debug|iPhoneSimulator.Build.0 = Debug|iPhoneSimulator
		{CDDC24C7-62F7-4B43-A30D-6900F3BD21EC}.Release|Any CPU.ActiveCfg = Release|iPhone
		{CDDC24C7-62F7-4B43-A30D-6900F3BD21EC}.Release|iPhone.ActiveCfg = Release|iPhone
		{CDDC24C7-62F7-4B43-A30D-6900F3BD21EC}.Release|iPhone.Build.0 = Release|iPhone
		{CDDC24C7-62F7-4B43-A30D-6900F3BD21EC}.Release|iPhoneSimulator.ActiveCfg = Release|iPhoneSimulator
		{CDDC24C7-62F7-4B43-A30D-6900F3BD21EC}.Release|iPhoneSimulator.Build.0 = Release|iPhoneSimulator
		{E978A459-BFEA-4DC1-A8F4-0485AD1A82CF}.Ad-Hoc|Any CPU.ActiveCfg = Debug|Any CPU
		{E978A459-BFEA-4DC1-A8F4-0485AD1A82CF}.Ad-Hoc|Any CPU.Build.0 = Debug|Any CPU
		{E978A459-BFEA-4DC1-A8F4-0485AD1A82CF}.Ad-Hoc|iPhone.ActiveCfg = Debug|Any CPU
		{E978A459-BFEA-4DC1-A8F4-0485AD1A82CF}.Ad-Hoc|iPhone.Build.0 = Debug|Any CPU
		{E978A459-BFEA-4DC1-A8F4-0485AD1A82CF}.Ad-Hoc|iPhoneSimulator.ActiveCfg = Debug|Any CPU
		{E978A459-BFEA-4DC1-A8F4-0485AD1A82CF}.Ad-Hoc|iPhoneSimulator.Build.0 = Debug|Any CPU
		{E978A459-BFEA-4DC1-A8F4-0485AD1A82CF}.AppStore|Any CPU.ActiveCfg = Debug|Any CPU
		{E978A459-BFEA-4DC1-A8F4-0485AD1A82CF}.AppStore|Any CPU.Build.0 = Debug|Any CPU
		{E978A459-BFEA-4DC1-A8F4-0485AD1A82CF}.AppStore|iPhone.ActiveCfg = Debug|Any CPU
		{E978A459-BFEA-4DC1-A8F4-0485AD1A82CF}.AppStore|iPhone.Build.0 = Debug|Any CPU
		{E978A459-BFEA-4DC1-A8F4-0485AD1A82CF}.AppStore|iPhoneSimulator.ActiveCfg = Debug|Any CPU
		{E978A459-BFEA-4DC1-A8F4-0485AD1A82CF}.AppStore|iPhoneSimulator.Build.0 = Debug|Any CPU
		{E978A459-BFEA-4DC1-A8F4-0485AD1A82CF}.Debug|Any CPU.ActiveCfg = Debug|Any CPU
		{E978A459-BFEA-4DC1-A8F4-0485AD1A82CF}.Debug|Any CPU.Build.0 = Debug|Any CPU
		{E978A459-BFEA-4DC1-A8F4-0485AD1A82CF}.Debug|iPhone.ActiveCfg = Debug|Any CPU
		{E978A459-BFEA-4DC1-A8F4-0485AD1A82CF}.Debug|iPhone.Build.0 = Debug|Any CPU
		{E978A459-BFEA-4DC1-A8F4-0485AD1A82CF}.Debug|iPhoneSimulator.ActiveCfg = Debug|Any CPU
		{E978A459-BFEA-4DC1-A8F4-0485AD1A82CF}.Debug|iPhoneSimulator.Build.0 = Debug|Any CPU
		{E978A459-BFEA-4DC1-A8F4-0485AD1A82CF}.Release|Any CPU.ActiveCfg = Release|Any CPU
		{E978A459-BFEA-4DC1-A8F4-0485AD1A82CF}.Release|Any CPU.Build.0 = Release|Any CPU
		{E978A459-BFEA-4DC1-A8F4-0485AD1A82CF}.Release|iPhone.ActiveCfg = Release|Any CPU
		{E978A459-BFEA-4DC1-A8F4-0485AD1A82CF}.Release|iPhone.Build.0 = Release|Any CPU
		{E978A459-BFEA-4DC1-A8F4-0485AD1A82CF}.Release|iPhoneSimulator.ActiveCfg = Release|Any CPU
		{E978A459-BFEA-4DC1-A8F4-0485AD1A82CF}.Release|iPhoneSimulator.Build.0 = Release|Any CPU
	EndGlobalSection
	GlobalSection(SolutionProperties) = preSolution
		HideSolutionNode = FALSE
	EndGlobalSection
	GlobalSection(ExtensibilityGlobals) = postSolution
		SolutionGuid = {F815427A-2BAA-40BB-A801-4C76ABEDB15E}
	EndGlobalSection
EndGlobal
